
Microsoft Visual Studio Solution File, Format Version 12.00
# Visual Studio Version 17
VisualStudioVersion = 17.1.32210.238
MinimumVisualStudioVersion = 10.0.40219.1
Project("{9A19103F-16F7-4668-BE54-9A1E7A4F7556}") = "CapaPresentacionAdmin", "CapaPresentacionAdmin\CapaPresentacionAdmin.csproj", "{CABE87C6-5EE3-46CA-B417-536033926435}"
EndProject
Project("{9A19103F-16F7-4668-BE54-9A1E7A4F7556}") = "CapaPresentacionTienda", "CapaPresentacionTienda\CapaPresentacionTienda.csproj", "{D7070E12-0AB7-440B-8B0D-A37FC21E0A18}"
EndProject
Project("{9A19103F-16F7-4668-BE54-9A1E7A4F7556}") = "CapaDatos", "CapaDatos\CapaDatos.csproj", "{30FD96CD-36E0-453A-89AE-BC881BDE169A}"
EndProject
Project("{9A19103F-16F7-4668-BE54-9A1E7A4F7556}") = "CapaEntidad", "CapaEntidad\CapaEntidad.csproj", "{E1ADFB8B-0470-4545-B307-4A1995C454C6}"
EndProject
Global
	GlobalSection(SolutionConfigurationPlatforms) = preSolution
		Debug|Any CPU = Debug|Any CPU
		Release|Any CPU = Release|Any CPU
	EndGlobalSection
	GlobalSection(ProjectConfigurationPlatforms) = postSolution
		{CABE87C6-5EE3-46CA-B417-536033926435}.Debug|Any CPU.ActiveCfg = Debug|Any CPU
		{CABE87C6-5EE3-46CA-B417-536033926435}.Debug|Any CPU.Build.0 = Debug|Any CPU
		{CABE87C6-5EE3-46CA-B417-536033926435}.Release|Any CPU.ActiveCfg = Release|Any CPU
		{CABE87C6-5EE3-46CA-B417-536033926435}.Release|Any CPU.Build.0 = Release|Any CPU
		{D7070E12-0AB7-440B-8B0D-A37FC21E0A18}.Debug|Any CPU.ActiveCfg = Debug|Any CPU
		{D7070E12-0AB7-440B-8B0D-A37FC21E0A18}.Debug|Any CPU.Build.0 = Debug|Any CPU
		{D7070E12-0AB7-440B-8B0D-A37FC21E0A18}.Release|Any CPU.ActiveCfg = Release|Any CPU
		{D7070E12-0AB7-440B-8B0D-A37FC21E0A18}.Release|Any CPU.Build.0 = Release|Any CPU
		{30FD96CD-36E0-453A-89AE-BC881BDE169A}.Debug|Any CPU.ActiveCfg = Debug|Any CPU
		{30FD96CD-36E0-453A-89AE-BC881BDE169A}.Debug|Any CPU.Build.0 = Debug|Any CPU
		{30FD96CD-36E0-453A-89AE-BC881BDE169A}.Release|Any CPU.ActiveCfg = Release|Any CPU
		{30FD96CD-36E0-453A-89AE-BC881BDE169A}.Release|Any CPU.Build.0 = Release|Any CPU
		{E1ADFB8B-0470-4545-B307-4A1995C454C6}.Debug|Any CPU.ActiveCfg = Debug|Any CPU
		{E1ADFB8B-0470-4545-B307-4A1995C454C6}.Debug|Any CPU.Build.0 = Debug|Any CPU
		{E1ADFB8B-0470-4545-B307-4A1995C454C6}.Release|Any CPU.ActiveCfg = Release|Any CPU
		{E1ADFB8B-0470-4545-B307-4A1995C454C6}.Release|Any CPU.Build.0 = Release|Any CPU
	EndGlobalSection
	GlobalSection(SolutionProperties) = preSolution
		HideSolutionNode = FALSE
	EndGlobalSection
	GlobalSection(ExtensibilityGlobals) = postSolution
		SolutionGuid = {D93516D3-0E6B-470D-BE1F-44B03254D1E8}
	EndGlobalSection
EndGlobal
